# This file is automatically @generated by Cargo.
# It is not intended for manual editing.
version = 3

[[package]]
name = "jq-clone"
version = "0.1.0"
dependencies = [
 "winnow",
]

[[package]]
name = "memchr"
version = "2.7.2"
source = "registry+https://github.com/rust-lang/crates.io-index"
checksum = "6c8640c5d730cb13ebd907d8d04b52f55ac9a2eec55b440c8892f40d56c76c1d"

[[package]]
name = "winnow"
version = "0.6.6"
source = "registry+https://github.com/rust-lang/crates.io-index"
checksum = "f0c976aaaa0e1f90dbb21e9587cdaf1d9679a1cde8875c0d6bd83ab96a208352"
dependencies = [
 "memchr",
]
